// !$*UTF8*$!
{
	archiveVersion = 1;
	classes = {
	};
	objectVersion = 50;
	objects = {

/* Begin PBXBuildFile section */
		834F948023AB239F00816EAD /* AppDelegate.swift in Sources */ = {isa = PBXBuildFile; fileRef = 834F947F23AB239F00816EAD /* AppDelegate.swift */; };
		834F948223AB239F00816EAD /* SceneDelegate.swift in Sources */ = {isa = PBXBuildFile; fileRef = 834F948123AB239F00816EAD /* SceneDelegate.swift */; };
		834F948423AB239F00816EAD /* ViewController.swift in Sources */ = {isa = PBXBuildFile; fileRef = 834F948323AB239F00816EAD /* ViewController.swift */; };
		834F948723AB239F00816EAD /* Main.storyboard in Resources */ = {isa = PBXBuildFile; fileRef = 834F948523AB239F00816EAD /* Main.storyboard */; };
		834F948923AB23A100816EAD /* Assets.xcassets in Resources */ = {isa = PBXBuildFile; fileRef = 834F948823AB23A100816EAD /* Assets.xcassets */; };
		834F948C23AB23A100816EAD /* LaunchScreen.storyboard in Resources */ = {isa = PBXBuildFile; fileRef = 834F948A23AB23A100816EAD /* LaunchScreen.storyboard */; };
		834F949723AB23A100816EAD /* memoappTests.swift in Sources */ = {isa = PBXBuildFile; fileRef = 834F949623AB23A100816EAD /* memoappTests.swift */; };
		834F94A223AB23A100816EAD /* memoappUITests.swift in Sources */ = {isa = PBXBuildFile; fileRef = 834F94A123AB23A100816EAD /* memoappUITests.swift */; };
/* End PBXBuildFile section */

/* Begin PBXContainerItemProxy section */
		834F949323AB23A100816EAD /* PBXContainerItemProxy */ = {
			isa = PBXContainerItemProxy;
			containerPortal = 834F947423AB239F00816EAD /* Project object */;
			proxyType = 1;
			remoteGlobalIDString = 834F947B23AB239F00816EAD;
			remoteInfo = memoapp;
		};
		834F949E23AB23A100816EAD /* PBXContainerItemProxy */ = {
			isa = PBXContainerItemProxy;
			containerPortal = 834F947423AB239F00816EAD /* Project object */;
			proxyType = 1;
			remoteGlobalIDString = 834F947B23AB239F00816EAD;
			remoteInfo = memoapp;
		};
/* End PBXContainerItemProxy section */

/* Begin PBXFileReference section */
		834F947C23AB239F00816EAD /* memoapp.app */ = {isa = PBXFileReference; explicitFileType = wrapper.application; includeInIndex = 0; path = memoapp.app; sourceTree = BUILT_PRODUCTS_DIR; };
		834F947F23AB239F00816EAD /* AppDelegate.swift */ = {isa = PBXFileReference; lastKnownFileType = sourcecode.swift; path = AppDelegate.swift; sourceTree = "<group>"; };
		834F948123AB239F00816EAD /* SceneDelegate.swift */ = {isa = PBXFileReference; lastKnownFileType = sourcecode.swift; path = SceneDelegate.swift; sourceTree = "<group>"; };
		834F948323AB239F00816EAD /* ViewController.swift */ = {isa = PBXFileReference; lastKnownFileType = sourcecode.swift; path = ViewController.swift; sourceTree = "<group>"; };
		834F948623AB239F00816EAD /* Base */ = {isa = PBXFileReference; lastKnownFileType = file.storyboard; name = Base; path = Base.lproj/Main.storyboard; sourceTree = "<group>"; };
		834F948823AB23A100816EAD /* Assets.xcassets */ = {isa = PBXFileReference; lastKnownFileType = folder.assetcatalog; path = Assets.xcassets; sourceTree = "<group>"; };
		834F948B23AB23A100816EAD /* Base */ = {isa = PBXFileReference; lastKnownFileType = file.storyboard; name = Base; path = Base.lproj/LaunchScreen.storyboard; sourceTree = "<group>"; };
		834F948D23AB23A100816EAD /* Info.plist */ = {isa = PBXFileReference; lastKnownFileType = text.plist.xml; path = Info.plist; sourceTree = "<group>"; };
		834F949223AB23A100816EAD /* memoappTests.xctest */ = {isa = PBXFileReference; explicitFileType = wrapper.cfbundle; includeInIndex = 0; path = memoappTests.xctest; sourceTree = BUILT_PRODUCTS_DIR; };
		834F949623AB23A100816EAD /* memoappTests.swift */ = {isa = PBXFileReference; lastKnownFileType = sourcecode.swift; path = memoappTests.swift; sourceTree = "<group>"; };
		834F949823AB23A100816EAD /* Info.plist */ = {isa = PBXFileReference; lastKnownFileType = text.plist.xml; path = Info.plist; sourceTree = "<group>"; };
		834F949D23AB23A100816EAD /* memoappUITests.xctest */ = {isa = PBXFileReference; explicitFileType = wrapper.cfbundle; includeInIndex = 0; path = memoappUITests.xctest; sourceTree = BUILT_PRODUCTS_DIR; };
		834F94A123AB23A100816EAD /* memoappUITests.swift */ = {isa = PBXFileReference; lastKnownFileType = sourcecode.swift; path = memoappUITests.swift; sourceTree = "<group>"; };
		834F94A323AB23A100816EAD /* Info.plist */ = {isa = PBXFileReference; lastKnownFileType = text.plist.xml; path = Info.plist; sourceTree = "<group>"; };
/* End PBXFileReference section */

/* Begin PBXFrameworksBuildPhase section */
		834F947923AB239F00816EAD /* Frameworks */ = {
			isa = PBXFrameworksBuildPhase;
			buildActionMask = 2147483647;
			files = (
			);
			runOnlyForDeploymentPostprocessing = 0;
		};
		834F948F23AB23A100816EAD /* Frameworks */ = {
			isa = PBXFrameworksBuildPhase;
			buildActionMask = 2147483647;
			files = (
			);
			runOnlyForDeploymentPostprocessing = 0;
		};
		834F949A23AB23A100816EAD /* Frameworks */ = {
			isa = PBXFrameworksBuildPhase;
			buildActionMask = 2147483647;
			files = (
			);
			runOnlyForDeploymentPostprocessing = 0;
		};
/* End PBXFrameworksBuildPhase section */

/* Begin PBXGroup section */
		834F947323AB239F00816EAD = {
			isa = PBXGroup;
			children = (
				834F947E23AB239F00816EAD /* memoapp */,
				834F949523AB23A100816EAD /* memoappTests */,
				834F94A023AB23A100816EAD /* memoappUITests */,
				834F947D23AB239F00816EAD /* Products */,
			);
			sourceTree = "<group>";
		};
		834F947D23AB239F00816EAD /* Products */ = {
			isa = PBXGroup;
			children = (
				834F947C23AB239F00816EAD /* memoapp.app */,
				834F949223AB23A100816EAD /* memoappTests.xctest */,
				834F949D23AB23A100816EAD /* memoappUITests.xctest */,
			);
			name = Products;
			sourceTree = "<group>";
		};
		834F947E23AB239F00816EAD /* memoapp */ = {
			isa = PBXGroup;
			children = (
				834F947F23AB239F00816EAD /* AppDelegate.swift */,
				834F948123AB239F00816EAD /* SceneDelegate.swift */,
				834F948323AB239F00816EAD /* ViewController.swift */,
				834F948523AB239F00816EAD /* Main.storyboard */,
				834F948823AB23A100816EAD /* Assets.xcassets */,
				834F948A23AB23A100816EAD /* LaunchScreen.storyboard */,
				834F948D23AB23A100816EAD /* Info.plist */,
			);
			path = memoapp;
			sourceTree = "<group>";
		};
		834F949523AB23A100816EAD /* memoappTests */ = {
			isa = PBXGroup;
			children = (
				834F949623AB23A100816EAD /* memoappTests.swift */,
				834F949823AB23A100816EAD /* Info.plist */,
			);
			path = memoappTests;
			sourceTree = "<group>";
		};
		834F94A023AB23A100816EAD /* memoappUITests */ = {
			isa = PBXGroup;
			children = (
				834F94A123AB23A100816EAD /* memoappUITests.swift */,
				834F94A323AB23A100816EAD /* Info.plist */,
			);
			path = memoappUITests;
			sourceTree = "<group>";
		};
/* End PBXGroup section */

/* Begin PBXNativeTarget section */
		834F947B23AB239F00816EAD /* memoapp */ = {
			isa = PBXNativeTarget;
			buildConfigurationList = 834F94A623AB23A100816EAD /* Build configuration list for PBXNativeTarget "memoapp" */;
			buildPhases = (
				834F947823AB239F00816EAD /* Sources */,
				834F947923AB239F00816EAD /* Frameworks */,
				834F947A23AB239F00816EAD /* Resources */,
			);
			buildRules = (
			);
			dependencies = (
			);
			name = memoapp;
			productName = memoapp;
			productReference = 834F947C23AB239F00816EAD /* memoapp.app */;
			productType = "com.apple.product-type.application";
		};
		834F949123AB23A100816EAD /* memoappTests */ = {
			isa = PBXNativeTarget;
			buildConfigurationList = 834F94A923AB23A100816EAD /* Build configuration list for PBXNativeTarget "memoappTests" */;
			buildPhases = (
				834F948E23AB23A100816EAD /* Sources */,
				834F948F23AB23A100816EAD /* Frameworks */,
				834F949023AB23A100816EAD /* Resources */,
			);
			buildRules = (
			);
			dependencies = (
				834F949423AB23A100816EAD /* PBXTargetDependency */,
			);
			name = memoappTests;
			productName = memoappTests;
			productReference = 834F949223AB23A100816EAD /* memoappTests.xctest */;
			productType = "com.apple.product-type.bundle.unit-test";
		};
		834F949C23AB23A100816EAD /* memoappUITests */ = {
			isa = PBXNativeTarget;
			buildConfigurationList = 834F94AC23AB23A100816EAD /* Build configuration list for PBXNativeTarget "memoappUITests" */;
			buildPhases = (
				834F949923AB23A100816EAD /* Sources */,
				834F949A23AB23A100816EAD /* Frameworks */,
				834F949B23AB23A100816EAD /* Resources */,
			);
			buildRules = (
			);
			dependencies = (
				834F949F23AB23A100816EAD /* PBXTargetDependency */,
			);
			name = memoappUITests;
			productName = memoappUITests;
			productReference = 834F949D23AB23A100816EAD /* memoappUITests.xctest */;
			productType = "com.apple.product-type.bundle.ui-testing";
		};
/* End PBXNativeTarget section */

/* Begin PBXProject section */
		834F947423AB239F00816EAD /* Project object */ = {
			isa = PBXProject;
			attributes = {
				LastSwiftUpdateCheck = 1130;
				LastUpgradeCheck = 1130;
				ORGANIZATIONNAME = chris.nakamu;
				TargetAttributes = {
					834F947B23AB239F00816EAD = {
						CreatedOnToolsVersion = 11.3;
					};
					834F949123AB23A100816EAD = {
						CreatedOnToolsVersion = 11.3;
						TestTargetID = 834F947B23AB239F00816EAD;
					};
					834F949C23AB23A100816EAD = {
						CreatedOnToolsVersion = 11.3;
						TestTargetID = 834F947B23AB239F00816EAD;
					};
				};
			};
			buildConfigurationList = 834F947723AB239F00816EAD /* Build configuration list for PBXProject "memoapp" */;
			compatibilityVersion = "Xcode 9.3";
			developmentRegion = en;
			hasScannedForEncodings = 0;
			knownRegions = (
				en,
				Base,
			);
			mainGroup = 834F947323AB239F00816EAD;
			productRefGroup = 834F947D23AB239F00816EAD /* Products */;
			projectDirPath = "";
			projectRoot = "";
			targets = (
				834F947B23AB239F00816EAD /* memoapp */,
				834F949123AB23A100816EAD /* memoappTests */,
				834F949C23AB23A100816EAD /* memoappUITests */,
			);
		};
/* End PBXProject section */

/* Begin PBXResourcesBuildPhase section */
		834F947A23AB239F00816EAD /* Resources */ = {
			isa = PBXResourcesBuildPhase;
			buildActionMask = 2147483647;
			files = (
				834F948C23AB23A100816EAD /* LaunchScreen.storyboard in Resources */,
				834F948923AB23A100816EAD /* Assets.xcassets in Resources */,
				834F948723AB239F00816EAD /* Main.storyboard in Resources */,
			);
			runOnlyForDeploymentPostprocessing = 0;
		};
		834F949023AB23A100816EAD /* Resources */ = {
			isa = PBXResourcesBuildPhase;
			buildActionMask = 2147483647;
			files = (
			);
			runOnlyForDeploymentPostprocessing = 0;
		};
		834F949B23AB23A100816EAD /* Resources */ = {
			isa = PBXResourcesBuildPhase;
			buildActionMask = 2147483647;
			files = (
			);
			runOnlyForDeploymentPostprocessing = 0;
		};
/* End PBXResourcesBuildPhase section */

/* Begin PBXSourcesBuildPhase section */
		834F947823AB239F00816EAD /* Sources */ = {
			isa = PBXSourcesBuildPhase;
			buildActionMask = 2147483647;
			files = (
				834F948423AB239F00816EAD /* ViewController.swift in Sources */,
				834F948023AB239F00816EAD /* AppDelegate.swift in Sources */,
				834F948223AB239F00816EAD /* SceneDelegate.swift in Sources */,
			);
			runOnlyForDeploymentPostprocessing = 0;
		};
		834F948E23AB23A100816EAD /* Sources */ = {
			isa = PBXSourcesBuildPhase;
			buildActionMask = 2147483647;
			files = (
				834F949723AB23A100816EAD /* memoappTests.swift in Sources */,
			);
			runOnlyForDeploymentPostprocessing = 0;
		};
		834F949923AB23A100816EAD /* Sources */ = {
			isa = PBXSourcesBuildPhase;
			buildActionMask = 2147483647;
			files = (
				834F94A223AB23A100816EAD /* memoappUITests.swift in Sources */,
			);
			runOnlyForDeploymentPostprocessing = 0;
		};
/* End PBXSourcesBuildPhase section */

/* Begin PBXTargetDependency section */
		834F949423AB23A100816EAD /* PBXTargetDependency */ = {
			isa = PBXTargetDependency;
			target = 834F947B23AB239F00816EAD /* memoapp */;
			targetProxy = 834F949323AB23A100816EAD /* PBXContainerItemProxy */;
		};
		834F949F23AB23A100816EAD /* PBXTargetDependency */ = {
			isa = PBXTargetDependency;
			target = 834F947B23AB239F00816EAD /* memoapp */;
			targetProxy = 834F949E23AB23A100816EAD /* PBXContainerItemProxy */;
		};
/* End PBXTargetDependency section */

/* Begin PBXVariantGroup section */
		834F948523AB239F00816EAD /* Main.storyboard */ = {
			isa = PBXVariantGroup;
			children = (
				834F948623AB239F00816EAD /* Base */,
			);
			name = Main.storyboard;
			sourceTree = "<group>";
		};
		834F948A23AB23A100816EAD /* LaunchScreen.storyboard */ = {
			isa = PBXVariantGroup;
			children = (
				834F948B23AB23A100816EAD /* Base */,
			);
			name = LaunchScreen.storyboard;
			sourceTree = "<group>";
		};
/* End PBXVariantGroup section */

/* Begin XCBuildConfiguration section */
		834F94A423AB23A100816EAD /* Debug */ = {
			isa = XCBuildConfiguration;
			buildSettings = {
				ALWAYS_SEARCH_USER_PATHS = NO;
				CLANG_ANALYZER_NONNULL = YES;
				CLANG_ANALYZER_NUMBER_OBJECT_CONVERSION = YES_AGGRESSIVE;
				CLANG_CXX_LANGUAGE_STANDARD = "gnu++14";
				CLANG_CXX_LIBRARY = "libc++";
				CLANG_ENABLE_MODULES = YES;
				CLANG_ENABLE_OBJC_ARC = YES;
				CLANG_ENABLE_OBJC_WEAK = YES;
				CLANG_WARN_BLOCK_CAPTURE_AUTORELEASING = YES;
				CLANG_WARN_BOOL_CONVERSION = YES;
				CLANG_WARN_COMMA = YES;
				CLANG_WARN_CONSTANT_CONVERSION = YES;
				CLANG_WARN_DEPRECATED_OBJC_IMPLEMENTATIONS = YES;
				CLANG_WARN_DIRECT_OBJC_ISA_USAGE = YES_ERROR;
				CLANG_WARN_DOCUMENTATION_COMMENTS = YES;
				CLANG_WARN_EMPTY_BODY = YES;
				CLANG_WARN_ENUM_CONVERSION = YES;
				CLANG_WARN_INFINITE_RECURSION = YES;
				CLANG_WARN_INT_CONVERSION = YES;
				CLANG_WARN_NON_LITERAL_NULL_CONVERSION = YES;
				CLANG_WARN_OBJC_IMPLICIT_RETAIN_SELF = YES;
				CLANG_WARN_OBJC_LITERAL_CONVERSION = YES;
				CLANG_WARN_OBJC_ROOT_CLASS = YES_ERROR;
				CLANG_WARN_RANGE_LOOP_ANALYSIS = YES;
				CLANG_WARN_STRICT_PROTOTYPES = YES;
				CLANG_WARN_SUSPICIOUS_MOVE = YES;
				CLANG_WARN_UNGUARDED_AVAILABILITY = YES_AGGRESSIVE;
				CLANG_WARN_UNREACHABLE_CODE = YES;
				CLANG_WARN__DUPLICATE_METHOD_MATCH = YES;
				COPY_PHASE_STRIP = NO;
				DEBUG_INFORMATION_FORMAT = dwarf;
				ENABLE_STRICT_OBJC_MSGSEND = YES;
				ENABLE_TESTABILITY = YES;
				GCC_C_LANGUAGE_STANDARD = gnu11;
				GCC_DYNAMIC_NO_PIC = NO;
				GCC_NO_COMMON_BLOCKS = YES;
				GCC_OPTIMIZATION_LEVEL = 0;
				GCC_PREPROCESSOR_DEFINITIONS = (
					"DEBUG=1",
					"$(inherited)",
				);
				GCC_WARN_64_TO_32_BIT_CONVERSION = YES;
				GCC_WARN_ABOUT_RETURN_TYPE = YES_ERROR;
				GCC_WARN_UNDECLARED_SELECTOR = YES;
				GCC_WARN_UNINITIALIZED_AUTOS = YES_AGGRESSIVE;
				GCC_WARN_UNUSED_FUNCTION = YES;
				GCC_WARN_UNUSED_VARIABLE = YES;
				IPHONEOS_DEPLOYMENT_TARGET = 13.2;
				MTL_ENABLE_DEBUG_INFO = INCLUDE_SOURCE;
				MTL_FAST_MATH = YES;
				ONLY_ACTIVE_ARCH = YES;
				SDKROOT = iphoneos;
				SWIFT_ACTIVE_COMPILATION_CONDITIONS = DEBUG;
				SWIFT_OPTIMIZATION_LEVEL = "-Onone";
			};
			name = Debug;
		};
		834F94A523AB23A100816EAD /* Release */ = {
			isa = XCBuildConfiguration;
			buildSettings = {
				ALWAYS_SEARCH_USER_PATHS = NO;
				CLANG_ANALYZER_NONNULL = YES;
				CLANG_ANALYZER_NUMBER_OBJECT_CONVERSION = YES_AGGRESSIVE;
				CLANG_CXX_LANGUAGE_STANDARD = "gnu++14";
				CLANG_CXX_LIBRARY = "libc++";
				CLANG_ENABLE_MODULES = YES;
				CLANG_ENABLE_OBJC_ARC = YES;
				CLANG_ENABLE_OBJC_WEAK = YES;
				CLANG_WARN_BLOCK_CAPTURE_AUTORELEASING = YES;
				CLANG_WARN_BOOL_CONVERSION = YES;
				CLANG_WARN_COMMA = YES;
				CLANG_WARN_CONSTANT_CONVERSION = YES;
				CLANG_WARN_DEPRECATED_OBJC_IMPLEMENTATIONS = YES;
				CLANG_WARN_DIRECT_OBJC_ISA_USAGE = YES_ERROR;
				CLANG_WARN_DOCUMENTATION_COMMENTS = YES;
				CLANG_WARN_EMPTY_BODY = YES;
				CLANG_WARN_ENUM_CONVERSION = YES;
				CLANG_WARN_INFINITE_RECURSION = YES;
				CLANG_WARN_INT_CONVERSION = YES;
				CLANG_WARN_NON_LITERAL_NULL_CONVERSION = YES;
				CLANG_WARN_OBJC_IMPLICIT_RETAIN_SELF = YES;
				CLANG_WARN_OBJC_LITERAL_CONVERSION = YES;
				CLANG_WARN_OBJC_ROOT_CLASS = YES_ERROR;
				CLANG_WARN_RANGE_LOOP_ANALYSIS = YES;
				CLANG_WARN_STRICT_PROTOTYPES = YES;
				CLANG_WARN_SUSPICIOUS_MOVE = YES;
				CLANG_WARN_UNGUARDED_AVAILABILITY = YES_AGGRESSIVE;
				CLANG_WARN_UNREACHABLE_CODE = YES;
				CLANG_WARN__DUPLICATE_METHOD_MATCH = YES;
				COPY_PHASE_STRIP = NO;
				DEBUG_INFORMATION_FORMAT = "dwarf-with-dsym";
				ENABLE_NS_ASSERTIONS = NO;
				ENABLE_STRICT_OBJC_MSGSEND = YES;
				GCC_C_LANGUAGE_STANDARD = gnu11;
				GCC_NO_COMMON_BLOCKS = YES;
				GCC_WARN_64_TO_32_BIT_CONVERSION = YES;
				GCC_WARN_ABOUT_RETURN_TYPE = YES_ERROR;
				GCC_WARN_UNDECLARED_SELECTOR = YES;
				GCC_WARN_UNINITIALIZED_AUTOS = YES_AGGRESSIVE;
				GCC_WARN_UNUSED_FUNCTION = YES;
				GCC_WARN_UNUSED_VARIABLE = YES;
				IPHONEOS_DEPLOYMENT_TARGET = 13.2;
				MTL_ENABLE_DEBUG_INFO = NO;
				MTL_FAST_MATH = YES;
				SDKROOT = iphoneos;
				SWIFT_COMPILATION_MODE = wholemodule;
				SWIFT_OPTIMIZATION_LEVEL = "-O";
				VALIDATE_PRODUCT = YES;
			};
			name = Release;
		};
		834F94A723AB23A100816EAD /* Debug */ = {
			isa = XCBuildConfiguration;
			buildSettings = {
				ASSETCATALOG_COMPILER_APPICON_NAME = AppIcon;
				CODE_SIGN_STYLE = Automatic;
				DEVELOPMENT_TEAM = LKFNJR36GC;
				INFOPLIST_FILE = memoapp/Info.plist;
				LD_RUNPATH_SEARCH_PATHS = (
					"$(inherited)",
					"@executable_path/Frameworks",
				);
				PRODUCT_BUNDLE_IDENTIFIER = gsteam.memoapp;
				PRODUCT_NAME = "$(TARGET_NAME)";
				SWIFT_VERSION = 5.0;
				TARGETED_DEVICE_FAMILY = "1,2";
			};
			name = Debug;
		};
		834F94A823AB23A100816EAD /* Release */ = {
			isa = XCBuildConfiguration;
			buildSettings = {
				ASSETCATALOG_COMPILER_APPICON_NAME = AppIcon;
				CODE_SIGN_STYLE = Automatic;
				DEVELOPMENT_TEAM = LKFNJR36GC;
				INFOPLIST_FILE = memoapp/Info.plist;
				LD_RUNPATH_SEARCH_PATHS = (
					"$(inherited)",
					"@executable_path/Frameworks",
				);
				PRODUCT_BUNDLE_IDENTIFIER = gsteam.memoapp;
				PRODUCT_NAME = "$(TARGET_NAME)";
				SWIFT_VERSION = 5.0;
				TARGETED_DEVICE_FAMILY = "1,2";
			};
			name = Release;
		};
		834F94AA23AB23A100816EAD /* Debug */ = {
			isa = XCBuildConfiguration;
			buildSettings = {
				ALWAYS_EMBED_SWIFT_STANDARD_LIBRARIES = YES;
				BUNDLE_LOADER = "$(TEST_HOST)";
				CODE_SIGN_STYLE = Automatic;
				DEVELOPMENT_TEAM = LKFNJR36GC;
				INFOPLIST_FILE = memoappTests/Info.plist;
				IPHONEOS_DEPLOYMENT_TARGET = 13.2;
				LD_RUNPATH_SEARCH_PATHS = (
					"$(inherited)",
					"@executable_path/Frameworks",
					"@loader_path/Frameworks",
				);
				PRODUCT_BUNDLE_IDENTIFIER = gsteam.memoappTests;
				PRODUCT_NAME = "$(TARGET_NAME)";
				SWIFT_VERSION = 5.0;
				TARGETED_DEVICE_FAMILY = "1,2";
				TEST_HOST = "$(BUILT_PRODUCTS_DIR)/memoapp.app/memoapp";
			};
			name = Debug;
		};
		834F94AB23AB23A100816EAD /* Release */ = {
			isa = XCBuildConfiguration;
			buildSettings = {
				ALWAYS_EMBED_SWIFT_STANDARD_LIBRARIES = YES;
				BUNDLE_LOADER = "$(TEST_HOST)";
				CODE_SIGN_STYLE = Automatic;
				DEVELOPMENT_TEAM = LKFNJR36GC;
				INFOPLIST_FILE = memoappTests/Info.plist;
				IPHONEOS_DEPLOYMENT_TARGET = 13.2;
				LD_RUNPATH_SEARCH_PATHS = (
					"$(inherited)",
					"@executable_path/Frameworks",
					"@loader_path/Frameworks",
				);
				PRODUCT_BUNDLE_IDENTIFIER = gsteam.memoappTests;
				PRODUCT_NAME = "$(TARGET_NAME)";
				SWIFT_VERSION = 5.0;
				TARGETED_DEVICE_FAMILY = "1,2";
				TEST_HOST = "$(BUILT_PRODUCTS_DIR)/memoapp.app/memoapp";
			};
			name = Release;
		};
		834F94AD23AB23A100816EAD /* Debug */ = {
			isa = XCBuildConfiguration;
			buildSettings = {
				ALWAYS_EMBED_SWIFT_STANDARD_LIBRARIES = YES;
				CODE_SIGN_STYLE = Automatic;
				DEVELOPMENT_TEAM = LKFNJR36GC;
				INFOPLIST_FILE = memoappUITests/Info.plist;
				LD_RUNPATH_SEARCH_PATHS = (
					"$(inherited)",
					"@executable_path/Frameworks",
					"@loader_path/Frameworks",
				);
				PRODUCT_BUNDLE_IDENTIFIER = gsteam.memoappUITests;
				PRODUCT_NAME = "$(TARGET_NAME)";
				SWIFT_VERSION = 5.0;
				TARGETED_DEVICE_FAMILY = "1,2";
				TEST_TARGET_NAME = memoapp;
			};
			name = Debug;
		};
		834F94AE23AB23A100816EAD /* Release */ = {
			isa = XCBuildConfiguration;
			buildSettings = {
				ALWAYS_EMBED_SWIFT_STANDARD_LIBRARIES = YES;
				CODE_SIGN_STYLE = Automatic;
				DEVELOPMENT_TEAM = LKFNJR36GC;
				INFOPLIST_FILE = memoappUITests/Info.plist;
				LD_RUNPATH_SEARCH_PATHS = (
					"$(inherited)",
					"@executable_path/Frameworks",
					"@loader_path/Frameworks",
				);
				PRODUCT_BUNDLE_IDENTIFIER = gsteam.memoappUITests;
				PRODUCT_NAME = "$(TARGET_NAME)";
				SWIFT_VERSION = 5.0;
				TARGETED_DEVICE_FAMILY = "1,2";
				TEST_TARGET_NAME = memoapp;
			};
			name = Release;
		};
/* End XCBuildConfiguration section */

/* Begin XCConfigurationList section */
		834F947723AB239F00816EAD /* Build configuration list for PBXProject "memoapp" */ = {
			isa = XCConfigurationList;
			buildConfigurations = (
				834F94A423AB23A100816EAD /* Debug */,
				834F94A523AB23A100816EAD /* Release */,
			);
			defaultConfigurationIsVisible = 0;
			defaultConfigurationName = Release;
		};
		834F94A623AB23A100816EAD /* Build configuration list for PBXNativeTarget "memoapp" */ = {
			isa = XCConfigurationList;
			buildConfigurations = (
				834F94A723AB23A100816EAD /* Debug */,
				834F94A823AB23A100816EAD /* Release */,
			);
			defaultConfigurationIsVisible = 0;
			defaultConfigurationName = Release;
		};
		834F94A923AB23A100816EAD /* Build configuration list for PBXNativeTarget "memoappTests" */ = {
			isa = XCConfigurationList;
			buildConfigurations = (
				834F94AA23AB23A100816EAD /* Debug */,
				834F94AB23AB23A100816EAD /* Release */,
			);
			defaultConfigurationIsVisible = 0;
			defaultConfigurationName = Release;
		};
		834F94AC23AB23A100816EAD /* Build configuration list for PBXNativeTarget "memoappUITests" */ = {
			isa = XCConfigurationList;
			buildConfigurations = (
				834F94AD23AB23A100816EAD /* Debug */,
				834F94AE23AB23A100816EAD /* Release */,
			);
			defaultConfigurationIsVisible = 0;
			defaultConfigurationName = Release;
		};
/* End XCConfigurationList section */
	};
	rootObject = 834F947423AB239F00816EAD /* Project object */;
}
